
Microsoft Visual Studio Solution File, Format Version 12.00
# Visual Studio Version 17
VisualStudioVersion = 17.14.37012.4 d17.14
MinimumVisualStudioVersion = 10.0.40219.1
Project("{FAE04EC0-301F-11D3-BF4B-00C04F79EFBC}") = "MyTradeAPI", "MyTradeAPI\MyTradeAPI.csproj", "{300EE115-5BE9-40B6-861E-DEA36A883E11}"
EndProject
Project("{FAE04EC0-301F-11D3-BF4B-00C04F79EFBC}") = "MyTradeAPI_UI", "MyTradeAPI_UI\MyTradeAPI_UI.csproj", "{64646498-1491-4FF4-B15A-C5238EE4911D}"
EndProject
Global
	GlobalSection(SolutionConfigurationPlatforms) = preSolution
		Debug|Any CPU = Debug|Any CPU
		Release|Any CPU = Release|Any CPU
	EndGlobalSection
	GlobalSection(ProjectConfigurationPlatforms) = postSolution
		{300EE115-5BE9-40B6-861E-DEA36A883E11}.Debug|Any CPU.ActiveCfg = Debug|Any CPU
		{300EE115-5BE9-40B6-861E-DEA36A883E11}.Debug|Any CPU.Build.0 = Debug|Any CPU
		{300EE115-5BE9-40B6-861E-DEA36A883E11}.Release|Any CPU.ActiveCfg = Release|Any CPU
		{300EE115-5BE9-40B6-861E-DEA36A883E11}.Release|Any CPU.Build.0 = Release|Any CPU
		{64646498-1491-4FF4-B15A-C5238EE4911D}.Debug|Any CPU.ActiveCfg = Debug|Any CPU
		{64646498-1491-4FF4-B15A-C5238EE4911D}.Debug|Any CPU.Build.0 = Debug|Any CPU
		{64646498-1491-4FF4-B15A-C5238EE4911D}.Release|Any CPU.ActiveCfg = Release|Any CPU
		{64646498-1491-4FF4-B15A-C5238EE4911D}.Release|Any CPU.Build.0 = Release|Any CPU
	EndGlobalSection
	GlobalSection(SolutionProperties) = preSolution
		HideSolutionNode = FALSE
	EndGlobalSection
	GlobalSection(ExtensibilityGlobals) = postSolution
		SolutionGuid = {250C8443-DF55-4F8C-BE49-8BC6A26F0E25}
	EndGlobalSection
EndGlobal
